
Microsoft Visual Studio Solution File, Format Version 12.00
# Visual Studio 14
VisualStudioVersion = 14.0.23107.0
MinimumVisualStudioVersion = 10.0.40219.1
Project("{FAE04EC0-301F-11D3-BF4B-00C04F79EFBC}") = "Uygulama 22", "Uygulama 22\Uygulama 22.csproj", "{EAB7A8D4-44F8-4EBB-9AAA-937E110656F9}"
EndProject
Global
	GlobalSection(SolutionConfigurationPlatforms) = preSolution
		Debug|Any CPU = Debug|Any CPU
		Release|Any CPU = Release|Any CPU
	EndGlobalSection
	GlobalSection(ProjectConfigurationPlatforms) = postSolution
		{EAB7A8D4-44F8-4EBB-9AAA-937E110656F9}.Debug|Any CPU.ActiveCfg = Debug|Any CPU
		{EAB7A8D4-44F8-4EBB-9AAA-937E110656F9}.Debug|Any CPU.Build.0 = Debug|Any CPU
		{EAB7A8D4-44F8-4EBB-9AAA-937E110656F9}.Release|Any CPU.ActiveCfg = Release|Any CPU
		{EAB7A8D4-44F8-4EBB-9AAA-937E110656F9}.Release|Any CPU.Build.0 = Release|Any CPU
	EndGlobalSection
	GlobalSection(SolutionProperties) = preSolution
		HideSolutionNode = FALSE
	EndGlobalSection
EndGlobal
