
Microsoft Visual Studio Solution File, Format Version 12.00
# Visual Studio 14
VisualStudioVersion = 14.0.23107.0
MinimumVisualStudioVersion = 10.0.40219.1
Project("{FAE04EC0-301F-11D3-BF4B-00C04F79EFBC}") = "Uygulama 15", "Uygulama 15\Uygulama 15.csproj", "{4C91376A-9B2B-4957-A731-32C0D8497475}"
EndProject
Global
	GlobalSection(SolutionConfigurationPlatforms) = preSolution
		Debug|Any CPU = Debug|Any CPU
		Release|Any CPU = Release|Any CPU
	EndGlobalSection
	GlobalSection(ProjectConfigurationPlatforms) = postSolution
		{4C91376A-9B2B-4957-A731-32C0D8497475}.Debug|Any CPU.ActiveCfg = Debug|Any CPU
		{4C91376A-9B2B-4957-A731-32C0D8497475}.Debug|Any CPU.Build.0 = Debug|Any CPU
		{4C91376A-9B2B-4957-A731-32C0D8497475}.Release|Any CPU.ActiveCfg = Release|Any CPU
		{4C91376A-9B2B-4957-A731-32C0D8497475}.Release|Any CPU.Build.0 = Release|Any CPU
	EndGlobalSection
	GlobalSection(SolutionProperties) = preSolution
		HideSolutionNode = FALSE
	EndGlobalSection
EndGlobal
