
Microsoft Visual Studio Solution File, Format Version 12.00
# Visual Studio 14
VisualStudioVersion = 14.0.23107.0
MinimumVisualStudioVersion = 10.0.40219.1
Project("{FAE04EC0-301F-11D3-BF4B-00C04F79EFBC}") = "While", "While\While.csproj", "{12A9E7C2-8943-4DC3-80D2-31CD170264FD}"
EndProject
Global
	GlobalSection(SolutionConfigurationPlatforms) = preSolution
		Debug|Any CPU = Debug|Any CPU
		Release|Any CPU = Release|Any CPU
	EndGlobalSection
	GlobalSection(ProjectConfigurationPlatforms) = postSolution
		{12A9E7C2-8943-4DC3-80D2-31CD170264FD}.Debug|Any CPU.ActiveCfg = Debug|Any CPU
		{12A9E7C2-8943-4DC3-80D2-31CD170264FD}.Debug|Any CPU.Build.0 = Debug|Any CPU
		{12A9E7C2-8943-4DC3-80D2-31CD170264FD}.Release|Any CPU.ActiveCfg = Release|Any CPU
		{12A9E7C2-8943-4DC3-80D2-31CD170264FD}.Release|Any CPU.Build.0 = Release|Any CPU
	EndGlobalSection
	GlobalSection(SolutionProperties) = preSolution
		HideSolutionNode = FALSE
	EndGlobalSection
EndGlobal
