
Microsoft Visual Studio Solution File, Format Version 12.00
# Visual Studio 14
VisualStudioVersion = 14.0.23107.0
MinimumVisualStudioVersion = 10.0.40219.1
Project("{FAE04EC0-301F-11D3-BF4B-00C04F79EFBC}") = "(Class Form) Daire alan ve cevre", "(Class Form) Daire alan ve cevre\(Class Form) Daire alan ve cevre.csproj", "{50DDD61F-0F28-4868-B485-E775C551D493}"
EndProject
Global
	GlobalSection(SolutionConfigurationPlatforms) = preSolution
		Debug|Any CPU = Debug|Any CPU
		Release|Any CPU = Release|Any CPU
	EndGlobalSection
	GlobalSection(ProjectConfigurationPlatforms) = postSolution
		{50DDD61F-0F28-4868-B485-E775C551D493}.Debug|Any CPU.ActiveCfg = Debug|Any CPU
		{50DDD61F-0F28-4868-B485-E775C551D493}.Debug|Any CPU.Build.0 = Debug|Any CPU
		{50DDD61F-0F28-4868-B485-E775C551D493}.Release|Any CPU.ActiveCfg = Release|Any CPU
		{50DDD61F-0F28-4868-B485-E775C551D493}.Release|Any CPU.Build.0 = Release|Any CPU
	EndGlobalSection
	GlobalSection(SolutionProperties) = preSolution
		HideSolutionNode = FALSE
	EndGlobalSection
EndGlobal
